
Microsoft Visual Studio Solution File, Format Version 12.00
# Visual Studio Version 16
VisualStudioVersion = 16.0.32126.315
MinimumVisualStudioVersion = 10.0.40219.1
Project("{FAE04EC0-301F-11D3-BF4B-00C04F79EFBC}") = "SteamTagsImporter", "SteamTagsImporter\SteamTagsImporter.csproj", "{4FDF1E89-5BC3-4C72-8FDA-0D580E7A5D5F}"
EndProject
Project("{FAE04EC0-301F-11D3-BF4B-00C04F79EFBC}") = "SteamTagsImporter.Tests", "SteamTagsImporter.Tests\SteamTagsImporter.Tests.csproj", "{2C136C16-C708-4668-A9DD-B5AD9F00D3FC}"
EndProject
Project("{FAE04EC0-301F-11D3-BF4B-00C04F79EFBC}") = "Barnite", "Barnite\Barnite.csproj", "{AFA8DE86-101B-4449-A237-2030D7F74CE2}"
EndProject
Project("{FAE04EC0-301F-11D3-BF4B-00C04F79EFBC}") = "Barnite.Tests", "Barnite.Tests\Barnite.Tests.csproj", "{D539C1AD-040E-4DA2-B2BE-C2CCC4F147F8}"
EndProject
Project("{FAE04EC0-301F-11D3-BF4B-00C04F79EFBC}") = "LegacyGamesLibrary", "LegacyGamesLibrary\LegacyGamesLibrary.csproj", "{2351B5C1-6E28-4B79-A1D9-90FDA53B5417}"
EndProject
Project("{FAE04EC0-301F-11D3-BF4B-00C04F79EFBC}") = "LegacyGamesLibrary.Tests", "LegacyGamesLibrary.Tests\LegacyGamesLibrary.Tests.csproj", "{7AA53E27-454B-44B4-9795-02B72F42F573}"
EndProject
Project("{FAE04EC0-301F-11D3-BF4B-00C04F79EFBC}") = "itchioBundleTagger", "itchioBundleTagger\itchioBundleTagger.csproj", "{0FC7F312-402B-4466-9E05-721CE2638268}"
EndProject
Project("{D954291E-2A0B-460D-934E-DC6B0785DB48}") = "PlayniteExtensions.Common", "PlayniteExtensions.Common\PlayniteExtensions.Common.shproj", "{646571A9-6445-4F20-9EAD-4F6B7E1073C5}"
EndProject
Project("{FAE04EC0-301F-11D3-BF4B-00C04F79EFBC}") = "GroupeesLibrary", "GroupeesLibrary\GroupeesLibrary.csproj", "{6CB8C312-70CC-4A45-ACBD-9974EA8611F8}"
EndProject
Project("{FAE04EC0-301F-11D3-BF4B-00C04F79EFBC}") = "GamersGateLibrary", "GamersGateLibrary\GamersGateLibrary.csproj", "{A971E332-D479-48A2-9238-0659C64F30F5}"
EndProject
Project("{FAE04EC0-301F-11D3-BF4B-00C04F79EFBC}") = "GamersGateLibrary.Tests", "GamersGateLibrary.Tests\GamersGateLibrary.Tests.csproj", "{55B6D58F-97E4-4364-BB36-D1B3F47C41A4}"
EndProject
Project("{D954291E-2A0B-460D-934E-DC6B0785DB48}") = "PlayniteExtensions.Tests.Common", "PlayniteExtensions.Tests.Common\PlayniteExtensions.Tests.Common.shproj", "{956848B6-6B29-4810-8802-3A8BC01C855F}"
EndProject
Project("{FAE04EC0-301F-11D3-BF4B-00C04F79EFBC}") = "PathReplacer", "PathReplacer\PathReplacer.csproj", "{7DD35ABF-B109-4EB6-BCD4-6C30BACD722F}"
EndProject
Project("{FAE04EC0-301F-11D3-BF4B-00C04F79EFBC}") = "PathReplacer.Tests", "PathReplacer.Tests\PathReplacer.Tests.csproj", "{57ABD0A2-5E96-44D2-A253-DDB89BC35612}"
EndProject
Project("{FAE04EC0-301F-11D3-BF4B-00C04F79EFBC}") = "GamesSizeCalculator", "GamesSizeCalculator\GamesSizeCalculator.csproj", "{1E80FE98-3F7D-4EE1-8CD1-4B7751CC141A}"
EndProject
Project("{FAE04EC0-301F-11D3-BF4B-00C04F79EFBC}") = "GamesSizeCalculator.Tests", "GamesSizeCalculator.Tests\GamesSizeCalculator.Tests.csproj", "{38E86445-58F1-493A-AD0E-A529B33EC396}"
EndProject
Global
	GlobalSection(SharedMSBuildProjectFiles) = preSolution
		PlayniteExtensions.Common\PlayniteExtensions.Common.projitems*{0fc7f312-402b-4466-9e05-721ce2638268}*SharedItemsImports = 4
		PlayniteExtensions.Common\PlayniteExtensions.Common.projitems*{4fdf1e89-5bc3-4c72-8fda-0d580e7a5d5f}*SharedItemsImports = 4
		PlayniteExtensions.Tests.Common\PlayniteExtensions.Tests.Common.projitems*{55b6d58f-97e4-4364-bb36-d1b3f47c41a4}*SharedItemsImports = 4
		PlayniteExtensions.Common\PlayniteExtensions.Common.projitems*{646571a9-6445-4f20-9ead-4f6b7e1073c5}*SharedItemsImports = 13
		PlayniteExtensions.Common\PlayniteExtensions.Common.projitems*{6cb8c312-70cc-4a45-acbd-9974ea8611f8}*SharedItemsImports = 4
		PlayniteExtensions.Tests.Common\PlayniteExtensions.Tests.Common.projitems*{956848b6-6b29-4810-8802-3a8bc01c855f}*SharedItemsImports = 13
		PlayniteExtensions.Common\PlayniteExtensions.Common.projitems*{a971e332-d479-48a2-9238-0659c64f30f5}*SharedItemsImports = 4
		PlayniteExtensions.Common\PlayniteExtensions.Common.projitems*{afa8de86-101b-4449-a237-2030d7f74ce2}*SharedItemsImports = 4
		PlayniteExtensions.Tests.Common\PlayniteExtensions.Tests.Common.projitems*{d539c1ad-040e-4da2-b2be-c2ccc4f147f8}*SharedItemsImports = 4
	EndGlobalSection
	GlobalSection(SolutionConfigurationPlatforms) = preSolution
		Debug|Any CPU = Debug|Any CPU
		Release|Any CPU = Release|Any CPU
	EndGlobalSection
	GlobalSection(ProjectConfigurationPlatforms) = postSolution
		{4FDF1E89-5BC3-4C72-8FDA-0D580E7A5D5F}.Debug|Any CPU.ActiveCfg = Debug|Any CPU
		{4FDF1E89-5BC3-4C72-8FDA-0D580E7A5D5F}.Debug|Any CPU.Build.0 = Debug|Any CPU
		{4FDF1E89-5BC3-4C72-8FDA-0D580E7A5D5F}.Release|Any CPU.ActiveCfg = Release|Any CPU
		{4FDF1E89-5BC3-4C72-8FDA-0D580E7A5D5F}.Release|Any CPU.Build.0 = Release|Any CPU
		{2C136C16-C708-4668-A9DD-B5AD9F00D3FC}.Debug|Any CPU.ActiveCfg = Debug|Any CPU
		{2C136C16-C708-4668-A9DD-B5AD9F00D3FC}.Debug|Any CPU.Build.0 = Debug|Any CPU
		{2C136C16-C708-4668-A9DD-B5AD9F00D3FC}.Release|Any CPU.ActiveCfg = Release|Any CPU
		{2C136C16-C708-4668-A9DD-B5AD9F00D3FC}.Release|Any CPU.Build.0 = Release|Any CPU
		{AFA8DE86-101B-4449-A237-2030D7F74CE2}.Debug|Any CPU.ActiveCfg = Debug|Any CPU
		{AFA8DE86-101B-4449-A237-2030D7F74CE2}.Debug|Any CPU.Build.0 = Debug|Any CPU
		{AFA8DE86-101B-4449-A237-2030D7F74CE2}.Release|Any CPU.ActiveCfg = Release|Any CPU
		{AFA8DE86-101B-4449-A237-2030D7F74CE2}.Release|Any CPU.Build.0 = Release|Any CPU
		{D539C1AD-040E-4DA2-B2BE-C2CCC4F147F8}.Debug|Any CPU.ActiveCfg = Debug|Any CPU
		{D539C1AD-040E-4DA2-B2BE-C2CCC4F147F8}.Debug|Any CPU.Build.0 = Debug|Any CPU
		{D539C1AD-040E-4DA2-B2BE-C2CCC4F147F8}.Release|Any CPU.ActiveCfg = Release|Any CPU
		{D539C1AD-040E-4DA2-B2BE-C2CCC4F147F8}.Release|Any CPU.Build.0 = Release|Any CPU
		{2351B5C1-6E28-4B79-A1D9-90FDA53B5417}.Debug|Any CPU.ActiveCfg = Debug|Any CPU
		{2351B5C1-6E28-4B79-A1D9-90FDA53B5417}.Debug|Any CPU.Build.0 = Debug|Any CPU
		{2351B5C1-6E28-4B79-A1D9-90FDA53B5417}.Release|Any CPU.ActiveCfg = Release|Any CPU
		{2351B5C1-6E28-4B79-A1D9-90FDA53B5417}.Release|Any CPU.Build.0 = Release|Any CPU
		{7AA53E27-454B-44B4-9795-02B72F42F573}.Debug|Any CPU.ActiveCfg = Debug|Any CPU
		{7AA53E27-454B-44B4-9795-02B72F42F573}.Debug|Any CPU.Build.0 = Debug|Any CPU
		{7AA53E27-454B-44B4-9795-02B72F42F573}.Release|Any CPU.ActiveCfg = Release|Any CPU
		{7AA53E27-454B-44B4-9795-02B72F42F573}.Release|Any CPU.Build.0 = Release|Any CPU
		{0FC7F312-402B-4466-9E05-721CE2638268}.Debug|Any CPU.ActiveCfg = Debug|Any CPU
		{0FC7F312-402B-4466-9E05-721CE2638268}.Debug|Any CPU.Build.0 = Debug|Any CPU
		{0FC7F312-402B-4466-9E05-721CE2638268}.Release|Any CPU.ActiveCfg = Release|Any CPU
		{0FC7F312-402B-4466-9E05-721CE2638268}.Release|Any CPU.Build.0 = Release|Any CPU
		{6CB8C312-70CC-4A45-ACBD-9974EA8611F8}.Debug|Any CPU.ActiveCfg = Debug|Any CPU
		{6CB8C312-70CC-4A45-ACBD-9974EA8611F8}.Debug|Any CPU.Build.0 = Debug|Any CPU
		{6CB8C312-70CC-4A45-ACBD-9974EA8611F8}.Release|Any CPU.ActiveCfg = Release|Any CPU
		{6CB8C312-70CC-4A45-ACBD-9974EA8611F8}.Release|Any CPU.Build.0 = Release|Any CPU
		{A971E332-D479-48A2-9238-0659C64F30F5}.Debug|Any CPU.ActiveCfg = Debug|Any CPU
		{A971E332-D479-48A2-9238-0659C64F30F5}.Debug|Any CPU.Build.0 = Debug|Any CPU
		{A971E332-D479-48A2-9238-0659C64F30F5}.Release|Any CPU.ActiveCfg = Release|Any CPU
		{A971E332-D479-48A2-9238-0659C64F30F5}.Release|Any CPU.Build.0 = Release|Any CPU
		{55B6D58F-97E4-4364-BB36-D1B3F47C41A4}.Debug|Any CPU.ActiveCfg = Debug|Any CPU
		{55B6D58F-97E4-4364-BB36-D1B3F47C41A4}.Debug|Any CPU.Build.0 = Debug|Any CPU
		{55B6D58F-97E4-4364-BB36-D1B3F47C41A4}.Release|Any CPU.ActiveCfg = Release|Any CPU
		{55B6D58F-97E4-4364-BB36-D1B3F47C41A4}.Release|Any CPU.Build.0 = Release|Any CPU
		{7DD35ABF-B109-4EB6-BCD4-6C30BACD722F}.Debug|Any CPU.ActiveCfg = Debug|Any CPU
		{7DD35ABF-B109-4EB6-BCD4-6C30BACD722F}.Debug|Any CPU.Build.0 = Debug|Any CPU
		{7DD35ABF-B109-4EB6-BCD4-6C30BACD722F}.Release|Any CPU.ActiveCfg = Release|Any CPU
		{7DD35ABF-B109-4EB6-BCD4-6C30BACD722F}.Release|Any CPU.Build.0 = Release|Any CPU
		{57ABD0A2-5E96-44D2-A253-DDB89BC35612}.Debug|Any CPU.ActiveCfg = Debug|Any CPU
		{57ABD0A2-5E96-44D2-A253-DDB89BC35612}.Debug|Any CPU.Build.0 = Debug|Any CPU
		{57ABD0A2-5E96-44D2-A253-DDB89BC35612}.Release|Any CPU.ActiveCfg = Release|Any CPU
		{57ABD0A2-5E96-44D2-A253-DDB89BC35612}.Release|Any CPU.Build.0 = Release|Any CPU
		{1E80FE98-3F7D-4EE1-8CD1-4B7751CC141A}.Debug|Any CPU.ActiveCfg = Debug|Any CPU
		{1E80FE98-3F7D-4EE1-8CD1-4B7751CC141A}.Debug|Any CPU.Build.0 = Debug|Any CPU
		{1E80FE98-3F7D-4EE1-8CD1-4B7751CC141A}.Release|Any CPU.ActiveCfg = Release|Any CPU
		{1E80FE98-3F7D-4EE1-8CD1-4B7751CC141A}.Release|Any CPU.Build.0 = Release|Any CPU
		{38E86445-58F1-493A-AD0E-A529B33EC396}.Debug|Any CPU.ActiveCfg = Debug|Any CPU
		{38E86445-58F1-493A-AD0E-A529B33EC396}.Debug|Any CPU.Build.0 = Debug|Any CPU
		{38E86445-58F1-493A-AD0E-A529B33EC396}.Release|Any CPU.ActiveCfg = Release|Any CPU
		{38E86445-58F1-493A-AD0E-A529B33EC396}.Release|Any CPU.Build.0 = Release|Any CPU
	EndGlobalSection
	GlobalSection(SolutionProperties) = preSolution
		HideSolutionNode = FALSE
	EndGlobalSection
	GlobalSection(ExtensibilityGlobals) = postSolution
		SolutionGuid = {DB10ECF2-6EF3-489B-ACA8-08FBC31314C1}
	EndGlobalSection
EndGlobal
