
Microsoft Visual Studio Solution File, Format Version 12.00
# Visual Studio Version 16
VisualStudioVersion = 16.0.32126.315
MinimumVisualStudioVersion = 10.0.40219.1
Project("{FAE04EC0-301F-11D3-BF4B-00C04F79EFBC}") = "SteamTagsImporter", "SteamTagsImporter\SteamTagsImporter.csproj", "{4FDF1E89-5BC3-4C72-8FDA-0D580E7A5D5F}"
EndProject
Project("{FAE04EC0-301F-11D3-BF4B-00C04F79EFBC}") = "SteamTagsImporter.Tests", "SteamTagsImporter.Tests\SteamTagsImporter.Tests.csproj", "{2C136C16-C708-4668-A9DD-B5AD9F00D3FC}"
EndProject
Project("{FAE04EC0-301F-11D3-BF4B-00C04F79EFBC}") = "Barnite", "Barnite\Barnite.csproj", "{AFA8DE86-101B-4449-A237-2030D7F74CE2}"
EndProject
Project("{FAE04EC0-301F-11D3-BF4B-00C04F79EFBC}") = "Barnite.Tests", "Barnite.Tests\Barnite.Tests.csproj", "{D539C1AD-040E-4DA2-B2BE-C2CCC4F147F8}"
EndProject
Project("{FAE04EC0-301F-11D3-BF4B-00C04F79EFBC}") = "LegacyGamesLibrary", "LegacyGamesLibrary\LegacyGamesLibrary.csproj", "{2351B5C1-6E28-4B79-A1D9-90FDA53B5417}"
EndProject
Project("{FAE04EC0-301F-11D3-BF4B-00C04F79EFBC}") = "LegacyGamesLibrary.Tests", "LegacyGamesLibrary.Tests\LegacyGamesLibrary.Tests.csproj", "{7AA53E27-454B-44B4-9795-02B72F42F573}"
EndProject
Global
	GlobalSection(SolutionConfigurationPlatforms) = preSolution
		Debug|Any CPU = Debug|Any CPU
		Release|Any CPU = Release|Any CPU
	EndGlobalSection
	GlobalSection(ProjectConfigurationPlatforms) = postSolution
		{4FDF1E89-5BC3-4C72-8FDA-0D580E7A5D5F}.Debug|Any CPU.ActiveCfg = Debug|Any CPU
		{4FDF1E89-5BC3-4C72-8FDA-0D580E7A5D5F}.Debug|Any CPU.Build.0 = Debug|Any CPU
		{4FDF1E89-5BC3-4C72-8FDA-0D580E7A5D5F}.Release|Any CPU.ActiveCfg = Release|Any CPU
		{4FDF1E89-5BC3-4C72-8FDA-0D580E7A5D5F}.Release|Any CPU.Build.0 = Release|Any CPU
		{2C136C16-C708-4668-A9DD-B5AD9F00D3FC}.Debug|Any CPU.ActiveCfg = Debug|Any CPU
		{2C136C16-C708-4668-A9DD-B5AD9F00D3FC}.Debug|Any CPU.Build.0 = Debug|Any CPU
		{2C136C16-C708-4668-A9DD-B5AD9F00D3FC}.Release|Any CPU.ActiveCfg = Release|Any CPU
		{2C136C16-C708-4668-A9DD-B5AD9F00D3FC}.Release|Any CPU.Build.0 = Release|Any CPU
		{AFA8DE86-101B-4449-A237-2030D7F74CE2}.Debug|Any CPU.ActiveCfg = Debug|Any CPU
		{AFA8DE86-101B-4449-A237-2030D7F74CE2}.Debug|Any CPU.Build.0 = Debug|Any CPU
		{AFA8DE86-101B-4449-A237-2030D7F74CE2}.Release|Any CPU.ActiveCfg = Release|Any CPU
		{AFA8DE86-101B-4449-A237-2030D7F74CE2}.Release|Any CPU.Build.0 = Release|Any CPU
		{D539C1AD-040E-4DA2-B2BE-C2CCC4F147F8}.Debug|Any CPU.ActiveCfg = Debug|Any CPU
		{D539C1AD-040E-4DA2-B2BE-C2CCC4F147F8}.Debug|Any CPU.Build.0 = Debug|Any CPU
		{D539C1AD-040E-4DA2-B2BE-C2CCC4F147F8}.Release|Any CPU.ActiveCfg = Release|Any CPU
		{D539C1AD-040E-4DA2-B2BE-C2CCC4F147F8}.Release|Any CPU.Build.0 = Release|Any CPU
		{2351B5C1-6E28-4B79-A1D9-90FDA53B5417}.Debug|Any CPU.ActiveCfg = Debug|Any CPU
		{2351B5C1-6E28-4B79-A1D9-90FDA53B5417}.Debug|Any CPU.Build.0 = Debug|Any CPU
		{2351B5C1-6E28-4B79-A1D9-90FDA53B5417}.Release|Any CPU.ActiveCfg = Release|Any CPU
		{2351B5C1-6E28-4B79-A1D9-90FDA53B5417}.Release|Any CPU.Build.0 = Release|Any CPU
		{7AA53E27-454B-44B4-9795-02B72F42F573}.Debug|Any CPU.ActiveCfg = Debug|Any CPU
		{7AA53E27-454B-44B4-9795-02B72F42F573}.Debug|Any CPU.Build.0 = Debug|Any CPU
		{7AA53E27-454B-44B4-9795-02B72F42F573}.Release|Any CPU.ActiveCfg = Release|Any CPU
		{7AA53E27-454B-44B4-9795-02B72F42F573}.Release|Any CPU.Build.0 = Release|Any CPU
	EndGlobalSection
	GlobalSection(SolutionProperties) = preSolution
		HideSolutionNode = FALSE
	EndGlobalSection
	GlobalSection(ExtensibilityGlobals) = postSolution
		SolutionGuid = {DB10ECF2-6EF3-489B-ACA8-08FBC31314C1}
	EndGlobalSection
EndGlobal
