
Microsoft Visual Studio Solution File, Format Version 12.00
# Visual Studio Version 17
VisualStudioVersion = 17.5.33516.290
MinimumVisualStudioVersion = 10.0.40219.1
Project("{FAE04EC0-301F-11D3-BF4B-00C04F79EFBC}") = "SteamTagsImporter", "SteamTagsImporter\SteamTagsImporter.csproj", "{4FDF1E89-5BC3-4C72-8FDA-0D580E7A5D5F}"
EndProject
Project("{FAE04EC0-301F-11D3-BF4B-00C04F79EFBC}") = "SteamTagsImporter.Tests", "SteamTagsImporter.Tests\SteamTagsImporter.Tests.csproj", "{2C136C16-C708-4668-A9DD-B5AD9F00D3FC}"
EndProject
Project("{FAE04EC0-301F-11D3-BF4B-00C04F79EFBC}") = "Barnite", "Barnite\Barnite.csproj", "{AFA8DE86-101B-4449-A237-2030D7F74CE2}"
EndProject
Project("{FAE04EC0-301F-11D3-BF4B-00C04F79EFBC}") = "Barnite.Tests", "Barnite.Tests\Barnite.Tests.csproj", "{D539C1AD-040E-4DA2-B2BE-C2CCC4F147F8}"
EndProject
Project("{FAE04EC0-301F-11D3-BF4B-00C04F79EFBC}") = "LegacyGamesLibrary", "LegacyGamesLibrary\LegacyGamesLibrary.csproj", "{2351B5C1-6E28-4B79-A1D9-90FDA53B5417}"
EndProject
Project("{FAE04EC0-301F-11D3-BF4B-00C04F79EFBC}") = "LegacyGamesLibrary.Tests", "LegacyGamesLibrary.Tests\LegacyGamesLibrary.Tests.csproj", "{7AA53E27-454B-44B4-9795-02B72F42F573}"
EndProject
Project("{FAE04EC0-301F-11D3-BF4B-00C04F79EFBC}") = "itchioBundleTagger", "itchioBundleTagger\itchioBundleTagger.csproj", "{0FC7F312-402B-4466-9E05-721CE2638268}"
EndProject
Project("{D954291E-2A0B-460D-934E-DC6B0785DB48}") = "PlayniteExtensions.Common", "PlayniteExtensions.Common\PlayniteExtensions.Common.shproj", "{646571A9-6445-4F20-9EAD-4F6B7E1073C5}"
EndProject
Project("{FAE04EC0-301F-11D3-BF4B-00C04F79EFBC}") = "GamersGateLibrary", "GamersGateLibrary\GamersGateLibrary.csproj", "{A971E332-D479-48A2-9238-0659C64F30F5}"
EndProject
Project("{FAE04EC0-301F-11D3-BF4B-00C04F79EFBC}") = "GamersGateLibrary.Tests", "GamersGateLibrary.Tests\GamersGateLibrary.Tests.csproj", "{55B6D58F-97E4-4364-BB36-D1B3F47C41A4}"
EndProject
Project("{D954291E-2A0B-460D-934E-DC6B0785DB48}") = "PlayniteExtensions.Tests.Common", "PlayniteExtensions.Tests.Common\PlayniteExtensions.Tests.Common.shproj", "{956848B6-6B29-4810-8802-3A8BC01C855F}"
EndProject
Project("{FAE04EC0-301F-11D3-BF4B-00C04F79EFBC}") = "PathReplacer", "PathReplacer\PathReplacer.csproj", "{7DD35ABF-B109-4EB6-BCD4-6C30BACD722F}"
EndProject
Project("{FAE04EC0-301F-11D3-BF4B-00C04F79EFBC}") = "PathReplacer.Tests", "PathReplacer.Tests\PathReplacer.Tests.csproj", "{57ABD0A2-5E96-44D2-A253-DDB89BC35612}"
EndProject
Project("{FAE04EC0-301F-11D3-BF4B-00C04F79EFBC}") = "GamesSizeCalculator", "GamesSizeCalculator\GamesSizeCalculator.csproj", "{1E80FE98-3F7D-4EE1-8CD1-4B7751CC141A}"
EndProject
Project("{FAE04EC0-301F-11D3-BF4B-00C04F79EFBC}") = "GamesSizeCalculator.Tests", "GamesSizeCalculator.Tests\GamesSizeCalculator.Tests.csproj", "{38E86445-58F1-493A-AD0E-A529B33EC396}"
EndProject
Project("{FAE04EC0-301F-11D3-BF4B-00C04F79EFBC}") = "ViveportLibrary", "ViveportLibrary\ViveportLibrary.csproj", "{F2627B24-E712-4108-BE62-646374C1BC42}"
EndProject
Project("{FAE04EC0-301F-11D3-BF4B-00C04F79EFBC}") = "RawgLibrary", "RawgLibrary\RawgLibrary.csproj", "{861BDD63-6F90-4EA0-A14F-E21248729B46}"
EndProject
Project("{FAE04EC0-301F-11D3-BF4B-00C04F79EFBC}") = "RawgMetadata", "RawgMetadata\RawgMetadata.csproj", "{A54423D1-8E7A-4339-B0D5-24E7CEFE469B}"
EndProject
Project("{D954291E-2A0B-460D-934E-DC6B0785DB48}") = "Rawg.Common", "Rawg.Common\Rawg.Common.shproj", "{298ABB0D-9B79-4BFD-9CDD-AE26E2672A5F}"
EndProject
Project("{FAE04EC0-301F-11D3-BF4B-00C04F79EFBC}") = "ViveportLibrary.Tests", "ViveportLibrary.Tests\ViveportLibrary.Tests.csproj", "{DD635A7D-A7C0-4454-8C00-1E05F94E492D}"
EndProject
Project("{FAE04EC0-301F-11D3-BF4B-00C04F79EFBC}") = "IgnMetadata", "IgnMetadata\IgnMetadata.csproj", "{AC1B23EE-BDC9-4273-9F4B-4F414482541B}"
EndProject
Project("{FAE04EC0-301F-11D3-BF4B-00C04F79EFBC}") = "GiantBombMetadata", "GiantBombMetadata\GiantBombMetadata.csproj", "{D6730A45-D8D5-48FB-818E-5C277E230DF4}"
EndProject
Project("{FAE04EC0-301F-11D3-BF4B-00C04F79EFBC}") = "GiantBombMetadata.Tests", "GiantBombMetadata.Tests\GiantBombMetadata.Tests.csproj", "{3BB55E9F-8962-4DE2-AE1D-AEE6530034C8}"
EndProject
Project("{FAE04EC0-301F-11D3-BF4B-00C04F79EFBC}") = "LaunchBoxMetadata", "LaunchBoxMetadata\LaunchBoxMetadata.csproj", "{B59FB65D-3C86-41D5-B3E6-EA4EAC476FEC}"
EndProject
Project("{FAE04EC0-301F-11D3-BF4B-00C04F79EFBC}") = "LaunchBoxMetadata.Tests", "LaunchBoxMetadata.Tests\LaunchBoxMetadata.Tests.csproj", "{B2BE4CBD-25A7-41F3-BB78-6BD3BC510323}"
EndProject
Project("{2150E333-8FDC-42A3-9474-1A3956D46DE8}") = "Manifests", "Manifests", "{62B49CE1-49F2-4800-AA32-1FA35CB7B961}"
	ProjectSection(SolutionItems) = preProject
		..\manifests\Generic_Barnite.yaml = ..\manifests\Generic_Barnite.yaml
		..\manifests\Generic_ExtraEmulatorProfiles.yaml = ..\manifests\Generic_ExtraEmulatorProfiles.yaml
		..\manifests\Generic_GamesSizeCalculator.yaml = ..\manifests\Generic_GamesSizeCalculator.yaml
		..\manifests\Generic_itchIoBundleTagger.yaml = ..\manifests\Generic_itchIoBundleTagger.yaml
		..\manifests\Generic_MutualGames.yaml = ..\manifests\Generic_MutualGames.yaml
		..\manifests\Generic_PathReplacer.yaml = ..\manifests\Generic_PathReplacer.yaml
		..\manifests\Generic_SteamTagsImporter.yaml = ..\manifests\Generic_SteamTagsImporter.yaml
		..\manifests\Library_BigFish.yaml = ..\manifests\Library_BigFish.yaml
		..\manifests\Library_GamersGate.yml = ..\manifests\Library_GamersGate.yml
		..\manifests\Library_LegacyGames.yml = ..\manifests\Library_LegacyGames.yml
		..\manifests\Library_Rawg.yaml = ..\manifests\Library_Rawg.yaml
		..\manifests\Library_Viveport.yaml = ..\manifests\Library_Viveport.yaml
		..\manifests\Metadata_BigFish.yaml = ..\manifests\Metadata_BigFish.yaml
		..\manifests\Metadata_GiantBomb.yaml = ..\manifests\Metadata_GiantBomb.yaml
		..\manifests\Metadata_GOG.yaml = ..\manifests\Metadata_GOG.yaml
		..\manifests\Metadata_IGN.yaml = ..\manifests\Metadata_IGN.yaml
		..\manifests\Metadata_LaunchBox.yaml = ..\manifests\Metadata_LaunchBox.yaml
		..\manifests\Metadata_MobyGames.yaml = ..\manifests\Metadata_MobyGames.yaml
		..\manifests\Metadata_OpenCritic.yaml = ..\manifests\Metadata_OpenCritic.yaml
		..\manifests\Metadata_PCGamingWiki.yaml = ..\manifests\Metadata_PCGamingWiki.yaml
		..\manifests\Metadata_Rawg.yaml = ..\manifests\Metadata_Rawg.yaml
		..\manifests\Metadata_TvTropes.yaml = ..\manifests\Metadata_TvTropes.yaml
		..\manifests\Metadata_Xbox.yaml = ..\manifests\Metadata_Xbox.yaml
	EndProjectSection
EndProject
Project("{FAE04EC0-301F-11D3-BF4B-00C04F79EFBC}") = "XboxMetadata", "XboxMetadata\XboxMetadata.csproj", "{092F32E3-7FD4-470A-9658-9E8CDF123C99}"
EndProject
Project("{FAE04EC0-301F-11D3-BF4B-00C04F79EFBC}") = "XboxMetadata.Tests", "XboxMetadata.Tests\XboxMetadata.Tests.csproj", "{3A701B5F-255C-443E-A462-22CB8D463A9C}"
EndProject
Project("{FAE04EC0-301F-11D3-BF4B-00C04F79EFBC}") = "MobyGamesMetadata", "MobyGamesMetadata\MobyGamesMetadata.csproj", "{22577C83-FCF9-49F2-9957-6C67D59FCBD6}"
EndProject
Project("{FAE04EC0-301F-11D3-BF4B-00C04F79EFBC}") = "PlayniteExtensions.Common.Tests", "PlayniteExtensions.Common.Tests\PlayniteExtensions.Common.Tests.csproj", "{EBA8F49F-AA6F-4329-985B-A6ED6E9F8490}"
EndProject
Project("{D954291E-2A0B-460D-934E-DC6B0785DB48}") = "PlayniteExtensions.Metadata.Common", "PlayniteExtensions.Metadata.Common\PlayniteExtensions.Metadata.Common.shproj", "{0FF03408-7C1A-4C04-819A-ECDB3ED82A25}"
EndProject
Project("{FAE04EC0-301F-11D3-BF4B-00C04F79EFBC}") = "MobyGamesMetadata.Tests", "MobyGamesMetadata.Tests\MobyGamesMetadata.Tests.csproj", "{2BD92D9B-4B71-46F8-8540-7F97AFD3FA1A}"
EndProject
Project("{FAE04EC0-301F-11D3-BF4B-00C04F79EFBC}") = "GOGMetadata", "GOGMetadata\GOGMetadata.csproj", "{EA34F88D-0A3A-4238-B20E-43F12EA5908D}"
EndProject
Project("{FAE04EC0-301F-11D3-BF4B-00C04F79EFBC}") = "BigFishLibrary", "BigFishLibrary\BigFishLibrary.csproj", "{DFAF4815-513B-483E-AB4D-C753F5B50C55}"
EndProject
Project("{FAE04EC0-301F-11D3-BF4B-00C04F79EFBC}") = "BigFishMetadata", "BigFishMetadata\BigFishMetadata.csproj", "{C50BE73E-18BE-4A21-BA86-908C6D5B6CA0}"
EndProject
Project("{FAE04EC0-301F-11D3-BF4B-00C04F79EFBC}") = "TvTropesMetadata", "TvTropesMetadata\TvTropesMetadata.csproj", "{46C08BCD-F3AF-4F8E-86C6-67913A028A22}"
EndProject
Project("{FAE04EC0-301F-11D3-BF4B-00C04F79EFBC}") = "TvTropesMetadata.Tests", "TvTropesMetadata.Tests\TvTropesMetadata.Tests.csproj", "{40EE28E8-2E62-4D62-8BE4-E7507893C414}"
EndProject
Project("{FAE04EC0-301F-11D3-BF4B-00C04F79EFBC}") = "MutualGames", "MutualGames\MutualGames.csproj", "{A513C7B0-4889-4A70-8A10-DC5989BE63EE}"
EndProject
Project("{FAE04EC0-301F-11D3-BF4B-00C04F79EFBC}") = "PCGamingWikiMetadata", "PCGamingWikiMetadata\PCGamingWikiMetadata.csproj", "{FB5D69C0-9C95-41A3-ADC1-E68AFF663FF5}"
EndProject
Project("{FAE04EC0-301F-11D3-BF4B-00C04F79EFBC}") = "PCGamingWikiMetadata.Tests", "PCGamingWikiMetadata.Tests\PCGamingWikiMetadata.Tests.csproj", "{9B35799C-CE7F-4180-AB31-F834990259F8}"
EndProject
Project("{FAE04EC0-301F-11D3-BF4B-00C04F79EFBC}") = "OpenCriticMetadata", "OpenCriticMetadata\OpenCriticMetadata.csproj", "{0F1BDB81-CD1C-4DF0-867F-B733A9513CA8}"
EndProject
Project("{FAE04EC0-301F-11D3-BF4B-00C04F79EFBC}") = "ExtraEmulatorProfiles", "ExtraEmulatorProfiles\ExtraEmulatorProfiles.csproj", "{9E96D1DD-7223-4948-A297-D0F731CBE9B6}"
EndProject
Project("{2150E333-8FDC-42A3-9474-1A3956D46DE8}") = "Build", "Build", "{02EA681E-C7D8-13C7-8484-4AC65E1B71E8}"
	ProjectSection(SolutionItems) = preProject
		Directory.Build.Props = Directory.Build.Props
		..\publish\Get-ReleaseData.ps1 = ..\publish\Get-ReleaseData.ps1
		..\.github\workflows\release.yml = ..\.github\workflows\release.yml
	EndProjectSection
EndProject
Global
	GlobalSection(SolutionConfigurationPlatforms) = preSolution
		Debug|Any CPU = Debug|Any CPU
		Release|Any CPU = Release|Any CPU
	EndGlobalSection
	GlobalSection(ProjectConfigurationPlatforms) = postSolution
		{4FDF1E89-5BC3-4C72-8FDA-0D580E7A5D5F}.Debug|Any CPU.ActiveCfg = Debug|Any CPU
		{4FDF1E89-5BC3-4C72-8FDA-0D580E7A5D5F}.Debug|Any CPU.Build.0 = Debug|Any CPU
		{4FDF1E89-5BC3-4C72-8FDA-0D580E7A5D5F}.Release|Any CPU.ActiveCfg = Release|Any CPU
		{4FDF1E89-5BC3-4C72-8FDA-0D580E7A5D5F}.Release|Any CPU.Build.0 = Release|Any CPU
		{2C136C16-C708-4668-A9DD-B5AD9F00D3FC}.Debug|Any CPU.ActiveCfg = Debug|Any CPU
		{2C136C16-C708-4668-A9DD-B5AD9F00D3FC}.Debug|Any CPU.Build.0 = Debug|Any CPU
		{2C136C16-C708-4668-A9DD-B5AD9F00D3FC}.Release|Any CPU.ActiveCfg = Release|Any CPU
		{2C136C16-C708-4668-A9DD-B5AD9F00D3FC}.Release|Any CPU.Build.0 = Release|Any CPU
		{AFA8DE86-101B-4449-A237-2030D7F74CE2}.Debug|Any CPU.ActiveCfg = Debug|Any CPU
		{AFA8DE86-101B-4449-A237-2030D7F74CE2}.Debug|Any CPU.Build.0 = Debug|Any CPU
		{AFA8DE86-101B-4449-A237-2030D7F74CE2}.Release|Any CPU.ActiveCfg = Release|Any CPU
		{AFA8DE86-101B-4449-A237-2030D7F74CE2}.Release|Any CPU.Build.0 = Release|Any CPU
		{D539C1AD-040E-4DA2-B2BE-C2CCC4F147F8}.Debug|Any CPU.ActiveCfg = Debug|Any CPU
		{D539C1AD-040E-4DA2-B2BE-C2CCC4F147F8}.Debug|Any CPU.Build.0 = Debug|Any CPU
		{D539C1AD-040E-4DA2-B2BE-C2CCC4F147F8}.Release|Any CPU.ActiveCfg = Release|Any CPU
		{D539C1AD-040E-4DA2-B2BE-C2CCC4F147F8}.Release|Any CPU.Build.0 = Release|Any CPU
		{2351B5C1-6E28-4B79-A1D9-90FDA53B5417}.Debug|Any CPU.ActiveCfg = Debug|Any CPU
		{2351B5C1-6E28-4B79-A1D9-90FDA53B5417}.Debug|Any CPU.Build.0 = Debug|Any CPU
		{2351B5C1-6E28-4B79-A1D9-90FDA53B5417}.Release|Any CPU.ActiveCfg = Release|Any CPU
		{2351B5C1-6E28-4B79-A1D9-90FDA53B5417}.Release|Any CPU.Build.0 = Release|Any CPU
		{7AA53E27-454B-44B4-9795-02B72F42F573}.Debug|Any CPU.ActiveCfg = Debug|Any CPU
		{7AA53E27-454B-44B4-9795-02B72F42F573}.Debug|Any CPU.Build.0 = Debug|Any CPU
		{7AA53E27-454B-44B4-9795-02B72F42F573}.Release|Any CPU.ActiveCfg = Release|Any CPU
		{7AA53E27-454B-44B4-9795-02B72F42F573}.Release|Any CPU.Build.0 = Release|Any CPU
		{0FC7F312-402B-4466-9E05-721CE2638268}.Debug|Any CPU.ActiveCfg = Debug|Any CPU
		{0FC7F312-402B-4466-9E05-721CE2638268}.Debug|Any CPU.Build.0 = Debug|Any CPU
		{0FC7F312-402B-4466-9E05-721CE2638268}.Release|Any CPU.ActiveCfg = Release|Any CPU
		{0FC7F312-402B-4466-9E05-721CE2638268}.Release|Any CPU.Build.0 = Release|Any CPU
		{A971E332-D479-48A2-9238-0659C64F30F5}.Debug|Any CPU.ActiveCfg = Debug|Any CPU
		{A971E332-D479-48A2-9238-0659C64F30F5}.Debug|Any CPU.Build.0 = Debug|Any CPU
		{A971E332-D479-48A2-9238-0659C64F30F5}.Release|Any CPU.ActiveCfg = Release|Any CPU
		{A971E332-D479-48A2-9238-0659C64F30F5}.Release|Any CPU.Build.0 = Release|Any CPU
		{55B6D58F-97E4-4364-BB36-D1B3F47C41A4}.Debug|Any CPU.ActiveCfg = Debug|Any CPU
		{55B6D58F-97E4-4364-BB36-D1B3F47C41A4}.Debug|Any CPU.Build.0 = Debug|Any CPU
		{55B6D58F-97E4-4364-BB36-D1B3F47C41A4}.Release|Any CPU.ActiveCfg = Release|Any CPU
		{55B6D58F-97E4-4364-BB36-D1B3F47C41A4}.Release|Any CPU.Build.0 = Release|Any CPU
		{7DD35ABF-B109-4EB6-BCD4-6C30BACD722F}.Debug|Any CPU.ActiveCfg = Debug|Any CPU
		{7DD35ABF-B109-4EB6-BCD4-6C30BACD722F}.Debug|Any CPU.Build.0 = Debug|Any CPU
		{7DD35ABF-B109-4EB6-BCD4-6C30BACD722F}.Release|Any CPU.ActiveCfg = Release|Any CPU
		{7DD35ABF-B109-4EB6-BCD4-6C30BACD722F}.Release|Any CPU.Build.0 = Release|Any CPU
		{57ABD0A2-5E96-44D2-A253-DDB89BC35612}.Debug|Any CPU.ActiveCfg = Debug|Any CPU
		{57ABD0A2-5E96-44D2-A253-DDB89BC35612}.Debug|Any CPU.Build.0 = Debug|Any CPU
		{57ABD0A2-5E96-44D2-A253-DDB89BC35612}.Release|Any CPU.ActiveCfg = Release|Any CPU
		{57ABD0A2-5E96-44D2-A253-DDB89BC35612}.Release|Any CPU.Build.0 = Release|Any CPU
		{1E80FE98-3F7D-4EE1-8CD1-4B7751CC141A}.Debug|Any CPU.ActiveCfg = Debug|Any CPU
		{1E80FE98-3F7D-4EE1-8CD1-4B7751CC141A}.Debug|Any CPU.Build.0 = Debug|Any CPU
		{1E80FE98-3F7D-4EE1-8CD1-4B7751CC141A}.Release|Any CPU.ActiveCfg = Release|Any CPU
		{1E80FE98-3F7D-4EE1-8CD1-4B7751CC141A}.Release|Any CPU.Build.0 = Release|Any CPU
		{38E86445-58F1-493A-AD0E-A529B33EC396}.Debug|Any CPU.ActiveCfg = Debug|Any CPU
		{38E86445-58F1-493A-AD0E-A529B33EC396}.Debug|Any CPU.Build.0 = Debug|Any CPU
		{38E86445-58F1-493A-AD0E-A529B33EC396}.Release|Any CPU.ActiveCfg = Release|Any CPU
		{38E86445-58F1-493A-AD0E-A529B33EC396}.Release|Any CPU.Build.0 = Release|Any CPU
		{F2627B24-E712-4108-BE62-646374C1BC42}.Debug|Any CPU.ActiveCfg = Debug|Any CPU
		{F2627B24-E712-4108-BE62-646374C1BC42}.Debug|Any CPU.Build.0 = Debug|Any CPU
		{F2627B24-E712-4108-BE62-646374C1BC42}.Release|Any CPU.ActiveCfg = Release|Any CPU
		{F2627B24-E712-4108-BE62-646374C1BC42}.Release|Any CPU.Build.0 = Release|Any CPU
		{861BDD63-6F90-4EA0-A14F-E21248729B46}.Debug|Any CPU.ActiveCfg = Debug|Any CPU
		{861BDD63-6F90-4EA0-A14F-E21248729B46}.Debug|Any CPU.Build.0 = Debug|Any CPU
		{861BDD63-6F90-4EA0-A14F-E21248729B46}.Release|Any CPU.ActiveCfg = Release|Any CPU
		{861BDD63-6F90-4EA0-A14F-E21248729B46}.Release|Any CPU.Build.0 = Release|Any CPU
		{A54423D1-8E7A-4339-B0D5-24E7CEFE469B}.Debug|Any CPU.ActiveCfg = Debug|Any CPU
		{A54423D1-8E7A-4339-B0D5-24E7CEFE469B}.Debug|Any CPU.Build.0 = Debug|Any CPU
		{A54423D1-8E7A-4339-B0D5-24E7CEFE469B}.Release|Any CPU.ActiveCfg = Release|Any CPU
		{A54423D1-8E7A-4339-B0D5-24E7CEFE469B}.Release|Any CPU.Build.0 = Release|Any CPU
		{DD635A7D-A7C0-4454-8C00-1E05F94E492D}.Debug|Any CPU.ActiveCfg = Debug|Any CPU
		{DD635A7D-A7C0-4454-8C00-1E05F94E492D}.Debug|Any CPU.Build.0 = Debug|Any CPU
		{DD635A7D-A7C0-4454-8C00-1E05F94E492D}.Release|Any CPU.ActiveCfg = Release|Any CPU
		{DD635A7D-A7C0-4454-8C00-1E05F94E492D}.Release|Any CPU.Build.0 = Release|Any CPU
		{AC1B23EE-BDC9-4273-9F4B-4F414482541B}.Debug|Any CPU.ActiveCfg = Debug|Any CPU
		{AC1B23EE-BDC9-4273-9F4B-4F414482541B}.Debug|Any CPU.Build.0 = Debug|Any CPU
		{AC1B23EE-BDC9-4273-9F4B-4F414482541B}.Release|Any CPU.ActiveCfg = Release|Any CPU
		{AC1B23EE-BDC9-4273-9F4B-4F414482541B}.Release|Any CPU.Build.0 = Release|Any CPU
		{D6730A45-D8D5-48FB-818E-5C277E230DF4}.Debug|Any CPU.ActiveCfg = Debug|Any CPU
		{D6730A45-D8D5-48FB-818E-5C277E230DF4}.Debug|Any CPU.Build.0 = Debug|Any CPU
		{D6730A45-D8D5-48FB-818E-5C277E230DF4}.Release|Any CPU.ActiveCfg = Release|Any CPU
		{D6730A45-D8D5-48FB-818E-5C277E230DF4}.Release|Any CPU.Build.0 = Release|Any CPU
		{3BB55E9F-8962-4DE2-AE1D-AEE6530034C8}.Debug|Any CPU.ActiveCfg = Debug|Any CPU
		{3BB55E9F-8962-4DE2-AE1D-AEE6530034C8}.Debug|Any CPU.Build.0 = Debug|Any CPU
		{3BB55E9F-8962-4DE2-AE1D-AEE6530034C8}.Release|Any CPU.ActiveCfg = Release|Any CPU
		{3BB55E9F-8962-4DE2-AE1D-AEE6530034C8}.Release|Any CPU.Build.0 = Release|Any CPU
		{B59FB65D-3C86-41D5-B3E6-EA4EAC476FEC}.Debug|Any CPU.ActiveCfg = Debug|Any CPU
		{B59FB65D-3C86-41D5-B3E6-EA4EAC476FEC}.Debug|Any CPU.Build.0 = Debug|Any CPU
		{B59FB65D-3C86-41D5-B3E6-EA4EAC476FEC}.Release|Any CPU.ActiveCfg = Release|Any CPU
		{B59FB65D-3C86-41D5-B3E6-EA4EAC476FEC}.Release|Any CPU.Build.0 = Release|Any CPU
		{B2BE4CBD-25A7-41F3-BB78-6BD3BC510323}.Debug|Any CPU.ActiveCfg = Debug|Any CPU
		{B2BE4CBD-25A7-41F3-BB78-6BD3BC510323}.Debug|Any CPU.Build.0 = Debug|Any CPU
		{B2BE4CBD-25A7-41F3-BB78-6BD3BC510323}.Release|Any CPU.ActiveCfg = Release|Any CPU
		{B2BE4CBD-25A7-41F3-BB78-6BD3BC510323}.Release|Any CPU.Build.0 = Release|Any CPU
		{092F32E3-7FD4-470A-9658-9E8CDF123C99}.Debug|Any CPU.ActiveCfg = Debug|Any CPU
		{092F32E3-7FD4-470A-9658-9E8CDF123C99}.Debug|Any CPU.Build.0 = Debug|Any CPU
		{092F32E3-7FD4-470A-9658-9E8CDF123C99}.Release|Any CPU.ActiveCfg = Release|Any CPU
		{092F32E3-7FD4-470A-9658-9E8CDF123C99}.Release|Any CPU.Build.0 = Release|Any CPU
		{3A701B5F-255C-443E-A462-22CB8D463A9C}.Debug|Any CPU.ActiveCfg = Debug|Any CPU
		{3A701B5F-255C-443E-A462-22CB8D463A9C}.Debug|Any CPU.Build.0 = Debug|Any CPU
		{3A701B5F-255C-443E-A462-22CB8D463A9C}.Release|Any CPU.ActiveCfg = Release|Any CPU
		{3A701B5F-255C-443E-A462-22CB8D463A9C}.Release|Any CPU.Build.0 = Release|Any CPU
		{22577C83-FCF9-49F2-9957-6C67D59FCBD6}.Debug|Any CPU.ActiveCfg = Debug|Any CPU
		{22577C83-FCF9-49F2-9957-6C67D59FCBD6}.Debug|Any CPU.Build.0 = Debug|Any CPU
		{22577C83-FCF9-49F2-9957-6C67D59FCBD6}.Release|Any CPU.ActiveCfg = Release|Any CPU
		{22577C83-FCF9-49F2-9957-6C67D59FCBD6}.Release|Any CPU.Build.0 = Release|Any CPU
		{EBA8F49F-AA6F-4329-985B-A6ED6E9F8490}.Debug|Any CPU.ActiveCfg = Debug|Any CPU
		{EBA8F49F-AA6F-4329-985B-A6ED6E9F8490}.Debug|Any CPU.Build.0 = Debug|Any CPU
		{EBA8F49F-AA6F-4329-985B-A6ED6E9F8490}.Release|Any CPU.ActiveCfg = Release|Any CPU
		{EBA8F49F-AA6F-4329-985B-A6ED6E9F8490}.Release|Any CPU.Build.0 = Release|Any CPU
		{2BD92D9B-4B71-46F8-8540-7F97AFD3FA1A}.Debug|Any CPU.ActiveCfg = Debug|Any CPU
		{2BD92D9B-4B71-46F8-8540-7F97AFD3FA1A}.Debug|Any CPU.Build.0 = Debug|Any CPU
		{2BD92D9B-4B71-46F8-8540-7F97AFD3FA1A}.Release|Any CPU.ActiveCfg = Release|Any CPU
		{2BD92D9B-4B71-46F8-8540-7F97AFD3FA1A}.Release|Any CPU.Build.0 = Release|Any CPU
		{EA34F88D-0A3A-4238-B20E-43F12EA5908D}.Debug|Any CPU.ActiveCfg = Debug|Any CPU
		{EA34F88D-0A3A-4238-B20E-43F12EA5908D}.Debug|Any CPU.Build.0 = Debug|Any CPU
		{EA34F88D-0A3A-4238-B20E-43F12EA5908D}.Release|Any CPU.ActiveCfg = Release|Any CPU
		{EA34F88D-0A3A-4238-B20E-43F12EA5908D}.Release|Any CPU.Build.0 = Release|Any CPU
		{DFAF4815-513B-483E-AB4D-C753F5B50C55}.Debug|Any CPU.ActiveCfg = Debug|Any CPU
		{DFAF4815-513B-483E-AB4D-C753F5B50C55}.Debug|Any CPU.Build.0 = Debug|Any CPU
		{DFAF4815-513B-483E-AB4D-C753F5B50C55}.Release|Any CPU.ActiveCfg = Release|Any CPU
		{DFAF4815-513B-483E-AB4D-C753F5B50C55}.Release|Any CPU.Build.0 = Release|Any CPU
		{C50BE73E-18BE-4A21-BA86-908C6D5B6CA0}.Debug|Any CPU.ActiveCfg = Debug|Any CPU
		{C50BE73E-18BE-4A21-BA86-908C6D5B6CA0}.Debug|Any CPU.Build.0 = Debug|Any CPU
		{C50BE73E-18BE-4A21-BA86-908C6D5B6CA0}.Release|Any CPU.ActiveCfg = Release|Any CPU
		{C50BE73E-18BE-4A21-BA86-908C6D5B6CA0}.Release|Any CPU.Build.0 = Release|Any CPU
		{46C08BCD-F3AF-4F8E-86C6-67913A028A22}.Debug|Any CPU.ActiveCfg = Debug|Any CPU
		{46C08BCD-F3AF-4F8E-86C6-67913A028A22}.Debug|Any CPU.Build.0 = Debug|Any CPU
		{46C08BCD-F3AF-4F8E-86C6-67913A028A22}.Release|Any CPU.ActiveCfg = Release|Any CPU
		{46C08BCD-F3AF-4F8E-86C6-67913A028A22}.Release|Any CPU.Build.0 = Release|Any CPU
		{40EE28E8-2E62-4D62-8BE4-E7507893C414}.Debug|Any CPU.ActiveCfg = Debug|Any CPU
		{40EE28E8-2E62-4D62-8BE4-E7507893C414}.Debug|Any CPU.Build.0 = Debug|Any CPU
		{40EE28E8-2E62-4D62-8BE4-E7507893C414}.Release|Any CPU.ActiveCfg = Release|Any CPU
		{40EE28E8-2E62-4D62-8BE4-E7507893C414}.Release|Any CPU.Build.0 = Release|Any CPU
		{A513C7B0-4889-4A70-8A10-DC5989BE63EE}.Debug|Any CPU.ActiveCfg = Debug|Any CPU
		{A513C7B0-4889-4A70-8A10-DC5989BE63EE}.Debug|Any CPU.Build.0 = Debug|Any CPU
		{A513C7B0-4889-4A70-8A10-DC5989BE63EE}.Release|Any CPU.ActiveCfg = Release|Any CPU
		{A513C7B0-4889-4A70-8A10-DC5989BE63EE}.Release|Any CPU.Build.0 = Release|Any CPU
		{FB5D69C0-9C95-41A3-ADC1-E68AFF663FF5}.Debug|Any CPU.ActiveCfg = Debug|Any CPU
		{FB5D69C0-9C95-41A3-ADC1-E68AFF663FF5}.Debug|Any CPU.Build.0 = Debug|Any CPU
		{FB5D69C0-9C95-41A3-ADC1-E68AFF663FF5}.Release|Any CPU.ActiveCfg = Release|Any CPU
		{FB5D69C0-9C95-41A3-ADC1-E68AFF663FF5}.Release|Any CPU.Build.0 = Release|Any CPU
		{9B35799C-CE7F-4180-AB31-F834990259F8}.Debug|Any CPU.ActiveCfg = Debug|Any CPU
		{9B35799C-CE7F-4180-AB31-F834990259F8}.Debug|Any CPU.Build.0 = Debug|Any CPU
		{9B35799C-CE7F-4180-AB31-F834990259F8}.Release|Any CPU.ActiveCfg = Release|Any CPU
		{9B35799C-CE7F-4180-AB31-F834990259F8}.Release|Any CPU.Build.0 = Release|Any CPU
		{0F1BDB81-CD1C-4DF0-867F-B733A9513CA8}.Debug|Any CPU.ActiveCfg = Debug|Any CPU
		{0F1BDB81-CD1C-4DF0-867F-B733A9513CA8}.Debug|Any CPU.Build.0 = Debug|Any CPU
		{0F1BDB81-CD1C-4DF0-867F-B733A9513CA8}.Release|Any CPU.ActiveCfg = Release|Any CPU
		{0F1BDB81-CD1C-4DF0-867F-B733A9513CA8}.Release|Any CPU.Build.0 = Release|Any CPU
		{9E96D1DD-7223-4948-A297-D0F731CBE9B6}.Debug|Any CPU.ActiveCfg = Debug|Any CPU
		{9E96D1DD-7223-4948-A297-D0F731CBE9B6}.Debug|Any CPU.Build.0 = Debug|Any CPU
		{9E96D1DD-7223-4948-A297-D0F731CBE9B6}.Release|Any CPU.ActiveCfg = Release|Any CPU
		{9E96D1DD-7223-4948-A297-D0F731CBE9B6}.Release|Any CPU.Build.0 = Release|Any CPU
	EndGlobalSection
	GlobalSection(SolutionProperties) = preSolution
		HideSolutionNode = FALSE
	EndGlobalSection
	GlobalSection(ExtensibilityGlobals) = postSolution
		SolutionGuid = {DB10ECF2-6EF3-489B-ACA8-08FBC31314C1}
	EndGlobalSection
	GlobalSection(SharedMSBuildProjectFiles) = preSolution
		PlayniteExtensions.Metadata.Common\PlayniteExtensions.Metadata.Common.projitems*{0ff03408-7c1a-4c04-819a-ecdb3ed82a25}*SharedItemsImports = 13
		Rawg.Common\Rawg.Common.projitems*{298abb0d-9b79-4bfd-9cdd-ae26e2672a5f}*SharedItemsImports = 13
		PlayniteExtensions.Tests.Common\PlayniteExtensions.Tests.Common.projitems*{40ee28e8-2e62-4d62-8be4-e7507893c414}*SharedItemsImports = 5
		PlayniteExtensions.Tests.Common\PlayniteExtensions.Tests.Common.projitems*{55b6d58f-97e4-4364-bb36-d1b3f47c41a4}*SharedItemsImports = 5
		PlayniteExtensions.Common\PlayniteExtensions.Common.projitems*{646571a9-6445-4f20-9ead-4f6b7e1073c5}*SharedItemsImports = 13
		PlayniteExtensions.Tests.Common\PlayniteExtensions.Tests.Common.projitems*{956848b6-6b29-4810-8802-3a8bc01c855f}*SharedItemsImports = 13
		PlayniteExtensions.Tests.Common\PlayniteExtensions.Tests.Common.projitems*{b2be4cbd-25a7-41f3-bb78-6bd3bc510323}*SharedItemsImports = 5
		PlayniteExtensions.Tests.Common\PlayniteExtensions.Tests.Common.projitems*{d539c1ad-040e-4da2-b2be-c2ccc4f147f8}*SharedItemsImports = 5
		PlayniteExtensions.Common\PlayniteExtensions.Common.projitems*{eba8f49f-aa6f-4329-985b-a6ed6e9f8490}*SharedItemsImports = 5
		PlayniteExtensions.Metadata.Common\PlayniteExtensions.Metadata.Common.projitems*{eba8f49f-aa6f-4329-985b-a6ed6e9f8490}*SharedItemsImports = 5
		PlayniteExtensions.Tests.Common\PlayniteExtensions.Tests.Common.projitems*{eba8f49f-aa6f-4329-985b-a6ed6e9f8490}*SharedItemsImports = 5
	EndGlobalSection
EndGlobal
